
Microsoft Visual Studio Solution File, Format Version 12.00
# Visual Studio Version 17
VisualStudioVersion = 17.1.32228.430
MinimumVisualStudioVersion = 10.0.40219.1
Project("{8BC9CEB8-8B4A-11D0-8D11-00A0C91BC942}") = "Core", "Core\Core.vcxproj", "{672EB686-6DFF-4403-9A26-FF6007273734}"
EndProject
Global
	GlobalSection(SolutionConfigurationPlatforms) = preSolution
		Debug|x64 = Debug|x64
		Release|x64 = Release|x64
	EndGlobalSection
	GlobalSection(ProjectConfigurationPlatforms) = postSolution
		{672EB686-6DFF-4403-9A26-FF6007273734}.Debug|x64.ActiveCfg = Debug|x64
		{672EB686-6DFF-4403-9A26-FF6007273734}.Debug|x64.Build.0 = Debug|x64
		{672EB686-6DFF-4403-9A26-FF6007273734}.Release|x64.ActiveCfg = Release|x64
		{672EB686-6DFF-4403-9A26-FF6007273734}.Release|x64.Build.0 = Release|x64
	EndGlobalSection
	GlobalSection(SolutionProperties) = preSolution
		HideSolutionNode = FALSE
	EndGlobalSection
	GlobalSection(ExtensibilityGlobals) = postSolution
		SolutionGuid = {A9DB089E-F1A4-4257-905A-45B83B506090}
	EndGlobalSection
EndGlobal
